
Microsoft Visual Studio Solution File, Format Version 12.00
# Visual Studio Version 17
VisualStudioVersion = 17.5.33516.290
MinimumVisualStudioVersion = 10.0.40219.1
Project("{9A19103F-16F7-4668-BE54-9A1E7A4F7556}") = "SGRManagement.Efictec", "SGRManagement.Efictec\SGRManagement.Efictec.csproj", "{1CFA21DB-0154-4163-8EBF-68798F4D0B88}"
EndProject
Project("{2150E333-8FDC-42A3-9474-1A3956D46DE8}") = "Api.Web", "Api.Web", "{10A3BF07-B908-4258-84B0-43A260E1429E}"
EndProject
Project("{2150E333-8FDC-42A3-9474-1A3956D46DE8}") = "Api.Capas.Datos", "Api.Capas.Datos", "{D5E6DBAA-24C9-42CD-94F4-476E80F131D4}"
EndProject
Project("{9A19103F-16F7-4668-BE54-9A1E7A4F7556}") = "Logica.Negocio", "Logica.Negocio\Logica.Negocio.csproj", "{13D2AB8F-33BF-4389-8964-A2F21582E499}"
EndProject
Project("{9A19103F-16F7-4668-BE54-9A1E7A4F7556}") = "Acceso.Datos", "Acceso.Datos\Acceso.Datos.csproj", "{332D90B4-BFED-4892-AF92-73D6CFE5207C}"
EndProject
Project("{9A19103F-16F7-4668-BE54-9A1E7A4F7556}") = "Modelos.Datos", "Modelos.Datos\Modelos.Datos.csproj", "{53ED0E22-D57F-4E91-8347-BDCD780058F3}"
EndProject
Project("{9A19103F-16F7-4668-BE54-9A1E7A4F7556}") = "Repositorios", "Repositorios\Repositorios.csproj", "{9D507CED-10C4-4C6E-BFB1-23D179ADBA9F}"
EndProject
Project("{9A19103F-16F7-4668-BE54-9A1E7A4F7556}") = "Unidad.Trabajo", "Unidad.Trabajo\Unidad.Trabajo.csproj", "{E8CD0FB0-9D66-4A3A-B671-86C4E214B7DD}"
EndProject
Project("{2150E333-8FDC-42A3-9474-1A3956D46DE8}") = "Pruebas.Unitarias", "Pruebas.Unitarias", "{E78FE579-DA0D-431B-9AA6-E2F2C0017845}"
EndProject
Project("{9A19103F-16F7-4668-BE54-9A1E7A4F7556}") = "Test.Unitarios", "Test.Unitarios\Test.Unitarios.csproj", "{2650541B-EFFA-4ECE-B31D-AD0FACD8FA54}"
EndProject
Project("{2150E333-8FDC-42A3-9474-1A3956D46DE8}") = "Api.Utilitarios", "Api.Utilitarios", "{01CFC390-F8D3-4FBB-BA44-A4FC2A939304}"
EndProject
Project("{9A19103F-16F7-4668-BE54-9A1E7A4F7556}") = "Encryption", "Encryption\Encryption.csproj", "{F05A8B8D-E386-42A2-9FA2-0DB440E273F9}"
EndProject
Project("{2150E333-8FDC-42A3-9474-1A3956D46DE8}") = "Servicio.WIndows.Gestor", "Servicio.WIndows.Gestor", "{77CF2F1E-6094-4A49-A678-66697D0EF625}"
EndProject
Project("{FAE04EC0-301F-11D3-BF4B-00C04F79EFBC}") = "Servicio.Alertas.SGR", "Servicio.Alertas.SGR\Servicio.Alertas.SGR.csproj", "{AAC0B7B9-ACE7-4FB3-B614-12E1B6BEE622}"
EndProject
Project("{FAE04EC0-301F-11D3-BF4B-00C04F79EFBC}") = "Servicio.CerrarTickets", "Servicio.CerrarTickets\Servicio.CerrarTickets.csproj", "{E4B2D75D-3D66-439B-BCBB-5E8BA56A39A2}"
EndProject
Global
	GlobalSection(SolutionConfigurationPlatforms) = preSolution
		Debug|Any CPU = Debug|Any CPU
		Release|Any CPU = Release|Any CPU
	EndGlobalSection
	GlobalSection(ProjectConfigurationPlatforms) = postSolution
		{1CFA21DB-0154-4163-8EBF-68798F4D0B88}.Debug|Any CPU.ActiveCfg = Debug|Any CPU
		{1CFA21DB-0154-4163-8EBF-68798F4D0B88}.Debug|Any CPU.Build.0 = Debug|Any CPU
		{1CFA21DB-0154-4163-8EBF-68798F4D0B88}.Release|Any CPU.ActiveCfg = Release|Any CPU
		{1CFA21DB-0154-4163-8EBF-68798F4D0B88}.Release|Any CPU.Build.0 = Release|Any CPU
		{13D2AB8F-33BF-4389-8964-A2F21582E499}.Debug|Any CPU.ActiveCfg = Debug|Any CPU
		{13D2AB8F-33BF-4389-8964-A2F21582E499}.Debug|Any CPU.Build.0 = Debug|Any CPU
		{13D2AB8F-33BF-4389-8964-A2F21582E499}.Release|Any CPU.ActiveCfg = Release|Any CPU
		{13D2AB8F-33BF-4389-8964-A2F21582E499}.Release|Any CPU.Build.0 = Release|Any CPU
		{332D90B4-BFED-4892-AF92-73D6CFE5207C}.Debug|Any CPU.ActiveCfg = Debug|Any CPU
		{332D90B4-BFED-4892-AF92-73D6CFE5207C}.Debug|Any CPU.Build.0 = Debug|Any CPU
		{332D90B4-BFED-4892-AF92-73D6CFE5207C}.Release|Any CPU.ActiveCfg = Release|Any CPU
		{332D90B4-BFED-4892-AF92-73D6CFE5207C}.Release|Any CPU.Build.0 = Release|Any CPU
		{53ED0E22-D57F-4E91-8347-BDCD780058F3}.Debug|Any CPU.ActiveCfg = Debug|Any CPU
		{53ED0E22-D57F-4E91-8347-BDCD780058F3}.Debug|Any CPU.Build.0 = Debug|Any CPU
		{53ED0E22-D57F-4E91-8347-BDCD780058F3}.Release|Any CPU.ActiveCfg = Release|Any CPU
		{53ED0E22-D57F-4E91-8347-BDCD780058F3}.Release|Any CPU.Build.0 = Release|Any CPU
		{9D507CED-10C4-4C6E-BFB1-23D179ADBA9F}.Debug|Any CPU.ActiveCfg = Debug|Any CPU
		{9D507CED-10C4-4C6E-BFB1-23D179ADBA9F}.Debug|Any CPU.Build.0 = Debug|Any CPU
		{9D507CED-10C4-4C6E-BFB1-23D179ADBA9F}.Release|Any CPU.ActiveCfg = Release|Any CPU
		{9D507CED-10C4-4C6E-BFB1-23D179ADBA9F}.Release|Any CPU.Build.0 = Release|Any CPU
		{E8CD0FB0-9D66-4A3A-B671-86C4E214B7DD}.Debug|Any CPU.ActiveCfg = Debug|Any CPU
		{E8CD0FB0-9D66-4A3A-B671-86C4E214B7DD}.Debug|Any CPU.Build.0 = Debug|Any CPU
		{E8CD0FB0-9D66-4A3A-B671-86C4E214B7DD}.Release|Any CPU.ActiveCfg = Release|Any CPU
		{E8CD0FB0-9D66-4A3A-B671-86C4E214B7DD}.Release|Any CPU.Build.0 = Release|Any CPU
		{2650541B-EFFA-4ECE-B31D-AD0FACD8FA54}.Debug|Any CPU.ActiveCfg = Debug|Any CPU
		{2650541B-EFFA-4ECE-B31D-AD0FACD8FA54}.Debug|Any CPU.Build.0 = Debug|Any CPU
		{2650541B-EFFA-4ECE-B31D-AD0FACD8FA54}.Release|Any CPU.ActiveCfg = Release|Any CPU
		{2650541B-EFFA-4ECE-B31D-AD0FACD8FA54}.Release|Any CPU.Build.0 = Release|Any CPU
		{F05A8B8D-E386-42A2-9FA2-0DB440E273F9}.Debug|Any CPU.ActiveCfg = Debug|Any CPU
		{F05A8B8D-E386-42A2-9FA2-0DB440E273F9}.Debug|Any CPU.Build.0 = Debug|Any CPU
		{F05A8B8D-E386-42A2-9FA2-0DB440E273F9}.Release|Any CPU.ActiveCfg = Release|Any CPU
		{F05A8B8D-E386-42A2-9FA2-0DB440E273F9}.Release|Any CPU.Build.0 = Release|Any CPU
		{AAC0B7B9-ACE7-4FB3-B614-12E1B6BEE622}.Debug|Any CPU.ActiveCfg = Debug|Any CPU
		{AAC0B7B9-ACE7-4FB3-B614-12E1B6BEE622}.Debug|Any CPU.Build.0 = Debug|Any CPU
		{AAC0B7B9-ACE7-4FB3-B614-12E1B6BEE622}.Release|Any CPU.ActiveCfg = Release|Any CPU
		{AAC0B7B9-ACE7-4FB3-B614-12E1B6BEE622}.Release|Any CPU.Build.0 = Release|Any CPU
		{E4B2D75D-3D66-439B-BCBB-5E8BA56A39A2}.Debug|Any CPU.ActiveCfg = Debug|Any CPU
		{E4B2D75D-3D66-439B-BCBB-5E8BA56A39A2}.Debug|Any CPU.Build.0 = Debug|Any CPU
		{E4B2D75D-3D66-439B-BCBB-5E8BA56A39A2}.Release|Any CPU.ActiveCfg = Release|Any CPU
		{E4B2D75D-3D66-439B-BCBB-5E8BA56A39A2}.Release|Any CPU.Build.0 = Release|Any CPU
	EndGlobalSection
	GlobalSection(SolutionProperties) = preSolution
		HideSolutionNode = FALSE
	EndGlobalSection
	GlobalSection(NestedProjects) = preSolution
		{1CFA21DB-0154-4163-8EBF-68798F4D0B88} = {10A3BF07-B908-4258-84B0-43A260E1429E}
		{13D2AB8F-33BF-4389-8964-A2F21582E499} = {D5E6DBAA-24C9-42CD-94F4-476E80F131D4}
		{332D90B4-BFED-4892-AF92-73D6CFE5207C} = {D5E6DBAA-24C9-42CD-94F4-476E80F131D4}
		{53ED0E22-D57F-4E91-8347-BDCD780058F3} = {D5E6DBAA-24C9-42CD-94F4-476E80F131D4}
		{9D507CED-10C4-4C6E-BFB1-23D179ADBA9F} = {D5E6DBAA-24C9-42CD-94F4-476E80F131D4}
		{E8CD0FB0-9D66-4A3A-B671-86C4E214B7DD} = {D5E6DBAA-24C9-42CD-94F4-476E80F131D4}
		{2650541B-EFFA-4ECE-B31D-AD0FACD8FA54} = {E78FE579-DA0D-431B-9AA6-E2F2C0017845}
		{F05A8B8D-E386-42A2-9FA2-0DB440E273F9} = {01CFC390-F8D3-4FBB-BA44-A4FC2A939304}
		{AAC0B7B9-ACE7-4FB3-B614-12E1B6BEE622} = {77CF2F1E-6094-4A49-A678-66697D0EF625}
		{E4B2D75D-3D66-439B-BCBB-5E8BA56A39A2} = {77CF2F1E-6094-4A49-A678-66697D0EF625}
	EndGlobalSection
	GlobalSection(ExtensibilityGlobals) = postSolution
		SolutionGuid = {0D12230B-DC75-49D2-96A8-7122163456FA}
	EndGlobalSection
EndGlobal
